PODS:
  - CoreDataUtilsKit (1.1):
    - CoreDataUtilsKit/Core (= 1.1)
  - CoreDataUtilsKit/Core (1.1):
    - UtilsKit (~> 2.0)
  - NetworkUtilsKit (1.2):
    - NetworkUtilsKit/Core (= 1.2)
  - NetworkUtilsKit/Core (1.2):
    - UtilsKit (~> 2.0.7)
  - PromiseKit (6.13.1):
    - PromiseKit/CorePromise (= 6.13.1)
    - PromiseKit/Foundation (= 6.13.1)
    - PromiseKit/UIKit (= 6.13.1)
  - PromiseKit/CorePromise (6.13.1)
  - PromiseKit/Foundation (6.13.1):
    - PromiseKit/CorePromise
  - PromiseKit/UIKit (6.13.1):
    - PromiseKit/CorePromise
  - R.swift (5.4.0):
    - R.swift.Library (~> 5.3.0)
  - R.swift.Library (5.3.0)
  - UtilsKit (2.0.7):
    - UtilsKit/Core (= 2.0.7)
  - UtilsKit/Core (2.0.7)

DEPENDENCIES:
  - CoreDataUtilsKit
  - NetworkUtilsKit
  - PromiseKit
  - R.swift (~> 5.0)
  - UtilsKit

SPEC REPOS:
  trunk:
    - CoreDataUtilsKit
    - NetworkUtilsKit
    - PromiseKit
    - R.swift
    - R.swift.Library
    - UtilsKit

SPEC CHECKSUMS:
  CoreDataUtilsKit: afa365a02384ce5f9c88e06225358be95cd9dc57
  NetworkUtilsKit: 3c6cac1eec864dcd576d5413da7a7537d6ebf085
  PromiseKit: 28fda91c973cc377875d8c0ea4f973013c05b6db
  R.swift: c533450b0f7dc494e0993f5f1a1db925d84c3006
  R.swift.Library: 0fc583cb55a99e28901299cc451614cad1161962
  UtilsKit: 0f31f54b7ba646a960497580b7e1a9a686a4a00a

PODFILE CHECKSUM: f9cb32ce8eee692700d08987e3fc1c17fad74b0d

COCOAPODS: 1.10.1
